
Microsoft Visual Studio Solution File, Format Version 12.00
# Visual Studio Version 17
VisualStudioVersion = 17.9.34701.34
MinimumVisualStudioVersion = 10.0.40219.1
Project("{FAE04EC0-301F-11D3-BF4B-00C04F79EFBC}") = "Mindy服飾購物車", "ICE冷飲店訂購單\Mindy服飾購物車.csproj", "{1A7838EE-1F42-4855-BBAA-E084DBBA321D}"
EndProject
Global
	GlobalSection(SolutionConfigurationPlatforms) = preSolution
		Debug|Any CPU = Debug|Any CPU
		Release|Any CPU = Release|Any CPU
	EndGlobalSection
	GlobalSection(ProjectConfigurationPlatforms) = postSolution
		{1A7838EE-1F42-4855-BBAA-E084DBBA321D}.Debug|Any CPU.ActiveCfg = Debug|Any CPU
		{1A7838EE-1F42-4855-BBAA-E084DBBA321D}.Debug|Any CPU.Build.0 = Debug|Any CPU
		{1A7838EE-1F42-4855-BBAA-E084DBBA321D}.Release|Any CPU.ActiveCfg = Release|Any CPU
		{1A7838EE-1F42-4855-BBAA-E084DBBA321D}.Release|Any CPU.Build.0 = Release|Any CPU
	EndGlobalSection
	GlobalSection(SolutionProperties) = preSolution
		HideSolutionNode = FALSE
	EndGlobalSection
	GlobalSection(ExtensibilityGlobals) = postSolution
		SolutionGuid = {FF6273B1-99A1-4069-AC2E-92F57620D518}
	EndGlobalSection
EndGlobal
